{
  "originHash" : "8832984bc491f2f7d994ff8caf8774f38d5ee4d2796b612644f5a91df8ee2ac5",
  "pins" : [
    {
      "identity" : "axswift",
      "kind" : "remoteSourceControl",
      "location" : "https://github.com/cmsj/AXSwift",
      "state" : {
        "branch" : "main",
        "revision" : "71309f6274896bbd32c67fe5c1f6ae71b9c87a64"
      }
    },
    {
      "identity" : "javascript-core-extras",
      "kind" : "remoteSourceControl",
      "location" : "https://github.com/cmsj/javascript-core-extras",
      "state" : {
        "branch" : "main",
        "revision" : "a69352b4b7c69c1f3d66743ed70112ecc24f0e29"
      }
    },
    {
      "identity" : "sparkle",
      "kind" : "remoteSourceControl",
      "location" : "https://github.com/sparkle-project/Sparkle",
      "state" : {
        "revision" : "ac2def288cbff5cfc7df3ffef6abdf45b72bcb0a",
        "version" : "2.9.6"
      }
    },
    {
      "identity" : "swift-commandlinekit",
      "kind" : "remoteSourceControl",
      "location" : "https://github.com/cmsj/swift-commandlinekit",
      "state" : {
        "branch" : "master",
        "revision" : "58aa1a2285c5b8ad54e874a2bd66f790eb7e1766"
      }
    },
    {
      "identity" : "swift-issue-reporting",
      "kind" : "remoteSourceControl",
      "location" : "https://github.com/pointfreeco/swift-issue-reporting",
      "state" : {
        "revision" : "71c7c9a761d1ca6ed4ccb6ced040fe1c1a39e8e7",
        "version" : "2.1.0"
      }
    },
    {
      "identity" : "xctest-dynamic-overlay",
      "kind" : "remoteSourceControl",
      "location" : "https://github.com/pointfreeco/xctest-dynamic-overlay",
      "state" : {
        "revision" : "d9308ad679143c26a30dec52daefe82f54af2b82",
        "version" : "1.13.1"
      }
    }
  ],
  "version" : 3
}
