{
  "originHash" : "cfa9a20a1622853da47e50d782585077440d47bf3753179ce122c9b9a2c4da42",
  "pins" : [
    {
      "identity" : "axswift",
      "kind" : "remoteSourceControl",
      "location" : "https://github.com/cmsj/AXSwift",
      "state" : {
        "branch" : "main",
        "revision" : "124ef9b0ffc45b6e09320e52aaccfb5db98a39cf"
      }
    },
    {
      "identity" : "sparkle",
      "kind" : "remoteSourceControl",
      "location" : "https://github.com/sparkle-project/Sparkle",
      "state" : {
        "revision" : "9a1d2a19d3595fcf8d9c447173f9a1687b3dcadb",
        "version" : "2.8.0"
      }
    }
  ],
  "version" : 3
}
